
Microsoft Visual Studio Solution File, Format Version 12.00
# Visual Studio Version 17
VisualStudioVersion = 17.0.31314.256
MinimumVisualStudioVersion = 10.0.40219.1
Project("{2150E333-8FDC-42A3-9474-1A3956D46DE8}") = "Automation", "Automation", "{0BFBE63A-B98A-3411-8EEB-8918FEC737B3}"
EndProject
Project("{2150E333-8FDC-42A3-9474-1A3956D46DE8}") = "Engine", "Engine", "{233774A8-CC9D-3FA9-86D1-90573E92B704}"
EndProject
Project("{2150E333-8FDC-42A3-9474-1A3956D46DE8}") = "Games", "Games", "{DE1F8B53-6C02-3C13-9101-A7C8D96F3FF6}"
EndProject
Project("{2150E333-8FDC-42A3-9474-1A3956D46DE8}") = "Programs", "Programs", "{A338B9E2-A559-34BE-A46D-F789DD488FAD}"
EndProject
Project("{2150E333-8FDC-42A3-9474-1A3956D46DE8}") = "Rules", "Rules", "{C2F57ECE-B26F-39D8-BDA7-C1D40BD8F180}"
EndProject
Project("{2150E333-8FDC-42A3-9474-1A3956D46DE8}") = "Shared", "Shared", "{57713676-9DBE-331C-AD10-26632AC9EE0C}"
EndProject
Project("{2150E333-8FDC-42A3-9474-1A3956D46DE8}") = "UnrealBuildTool.Plugins", "UnrealBuildTool.Plugins", "{7B5CFB44-F0FB-31DF-AE62-C3C096A29A7B}"
EndProject
Project("{8BC9CEB8-8B4A-11D0-8D11-00A0C91BC942}") = "UE5", "Intermediate\ProjectFiles\UE5.vcxproj", "{AB22C1DD-27D8-366E-B9F4-89F08701788E}"
EndProject
Project("{8BC9CEB8-8B4A-11D0-8D11-00A0C91BC942}") = "Folioes", "Intermediate\ProjectFiles\Folioes.vcxproj", "{9E287688-FFD4-3458-9FD5-EADA640B93A7}"
	ProjectSection(ProjectDependencies) = postProject
		{1D533084-D69D-3474-B17B-0D6A1B334179} = {1D533084-D69D-3474-B17B-0D6A1B334179}
	EndProjectSection
EndProject
Project("{FAE04EC0-301F-11D3-BF4B-00C04F79EFBC}") = "UnrealBuildTool", "..\..\..\..\..\Unreal Engine\UE_5.3\Engine\Source\Programs\UnrealBuildTool\UnrealBuildTool.csproj", "{1D533084-D69D-3474-B17B-0D6A1B334179}"
EndProject
Project("{FAE04EC0-301F-11D3-BF4B-00C04F79EFBC}") = "AutomationTool", "..\..\..\..\..\Unreal Engine\UE_5.3\Engine\Source\Programs\AutomationTool\AutomationTool.csproj", "{A454825F-BD9A-3561-A707-E58C297986D7}"
EndProject
Project("{FAE04EC0-301F-11D3-BF4B-00C04F79EFBC}") = "Android.Automation", "..\..\..\..\..\Unreal Engine\UE_5.3\Engine\Source\Programs\AutomationTool\Android\Android.Automation.csproj", "{70A03A19-890B-31B7-9DAE-C67E966197BE}"
EndProject
Project("{FAE04EC0-301F-11D3-BF4B-00C04F79EFBC}") = "Apple.Automation", "..\..\..\..\..\Unreal Engine\UE_5.3\Engine\Source\Programs\AutomationTool\Apple\Apple.Automation.csproj", "{549DCB12-C42B-3B2B-BAAC-6B161DCBA3C1}"
EndProject
Project("{FAE04EC0-301F-11D3-BF4B-00C04F79EFBC}") = "AutomationUtils.Automation", "..\..\..\..\..\Unreal Engine\UE_5.3\Engine\Source\Programs\AutomationTool\AutomationUtils\AutomationUtils.Automation.csproj", "{B58F4985-32C2-3541-B2BD-7905BECE2B2D}"
EndProject
Project("{FAE04EC0-301F-11D3-BF4B-00C04F79EFBC}") = "BuildGraph.Automation", "..\..\..\..\..\Unreal Engine\UE_5.3\Engine\Source\Programs\AutomationTool\BuildGraph\BuildGraph.Automation.csproj", "{0CA10B0E-60FA-3F0D-801C-7D9B7874EE46}"
EndProject
Project("{FAE04EC0-301F-11D3-BF4B-00C04F79EFBC}") = "CookedEditor.Automation", "..\..\..\..\..\Unreal Engine\UE_5.3\Engine\Source\Programs\AutomationTool\CookedEditor\CookedEditor.Automation.csproj", "{62B34A99-82A4-32C2-A122-0A8736893D0C}"
EndProject
Project("{FAE04EC0-301F-11D3-BF4B-00C04F79EFBC}") = "CrowdinLocalization.Automation", "..\..\..\..\..\Unreal Engine\UE_5.3\Engine\Source\Programs\AutomationTool\CrowdinLocalization\CrowdinLocalization.Automation.csproj", "{771D4600-E26A-38BF-AD56-51D20914C54D}"
EndProject
Project("{FAE04EC0-301F-11D3-BF4B-00C04F79EFBC}") = "Gauntlet.Automation", "..\..\..\..\..\Unreal Engine\UE_5.3\Engine\Source\Programs\AutomationTool\Gauntlet\Gauntlet.Automation.csproj", "{3C75A1A1-8F0D-3997-B4DC-51642D24E70D}"
EndProject
Project("{FAE04EC0-301F-11D3-BF4B-00C04F79EFBC}") = "IOS.Automation", "..\..\..\..\..\Unreal Engine\UE_5.3\Engine\Source\Programs\AutomationTool\IOS\IOS.Automation.csproj", "{5C7B31A2-166A-307F-8419-2006A60B2304}"
EndProject
Project("{FAE04EC0-301F-11D3-BF4B-00C04F79EFBC}") = "Linux.Automation", "..\..\..\..\..\Unreal Engine\UE_5.3\Engine\Source\Programs\AutomationTool\Linux\Linux.Automation.csproj", "{DF156BD8-8BE4-3064-ACE8-DCF2E78569C9}"
EndProject
Project("{FAE04EC0-301F-11D3-BF4B-00C04F79EFBC}") = "Localization.Automation", "..\..\..\..\..\Unreal Engine\UE_5.3\Engine\Source\Programs\AutomationTool\Localization\Localization.Automation.csproj", "{BDDCF022-C7AA-3051-9835-58463A43B3BE}"
EndProject
Project("{FAE04EC0-301F-11D3-BF4B-00C04F79EFBC}") = "LowLevelTests.Automation", "..\..\..\..\..\Unreal Engine\UE_5.3\Engine\Source\Programs\AutomationTool\LowLevelTests\LowLevelTests.Automation.csproj", "{28825FE2-3B96-3C8C-AEBE-2EFF10E0D5AE}"
EndProject
Project("{FAE04EC0-301F-11D3-BF4B-00C04F79EFBC}") = "Mac.Automation", "..\..\..\..\..\Unreal Engine\UE_5.3\Engine\Source\Programs\AutomationTool\Mac\Mac.Automation.csproj", "{5210602A-35FD-33D9-BAF3-AC67C8DEFE98}"
EndProject
Project("{FAE04EC0-301F-11D3-BF4B-00C04F79EFBC}") = "OneSkyLocalization.Automation", "..\..\..\..\..\Unreal Engine\UE_5.3\Engine\Source\Programs\AutomationTool\OneSkyLocalization\OneSkyLocalization.Automation.csproj", "{D8FC2443-D01A-3DC5-8DFA-946F355CD866}"
EndProject
Project("{FAE04EC0-301F-11D3-BF4B-00C04F79EFBC}") = "AutomationScripts.Automation", "..\..\..\..\..\Unreal Engine\UE_5.3\Engine\Source\Programs\AutomationTool\Scripts\AutomationScripts.Automation.csproj", "{9E5B428F-5E4E-31C3-9733-094BC9DCF653}"
EndProject
Project("{FAE04EC0-301F-11D3-BF4B-00C04F79EFBC}") = "SmartlingLocalization.Automation", "..\..\..\..\..\Unreal Engine\UE_5.3\Engine\Source\Programs\AutomationTool\SmartlingLocalization\SmartlingLocalization.Automation.csproj", "{CA06F398-0953-3C9F-B446-25A71001B81A}"
EndProject
Project("{FAE04EC0-301F-11D3-BF4B-00C04F79EFBC}") = "SteamDeck.Automation", "..\..\..\..\..\Unreal Engine\UE_5.3\Engine\Source\Programs\AutomationTool\SteamDeck\SteamDeck.Automation.csproj", "{E5785545-71A7-3824-ABFE-CCD353FC1EF6}"
EndProject
Project("{FAE04EC0-301F-11D3-BF4B-00C04F79EFBC}") = "TVOS.Automation", "..\..\..\..\..\Unreal Engine\UE_5.3\Engine\Source\Programs\AutomationTool\TVOS\TVOS.Automation.csproj", "{FAD13640-8862-34A6-B406-6279CAE9425C}"
EndProject
Project("{FAE04EC0-301F-11D3-BF4B-00C04F79EFBC}") = "Turnkey.Automation", "..\..\..\..\..\Unreal Engine\UE_5.3\Engine\Source\Programs\AutomationTool\Turnkey\Turnkey.Automation.csproj", "{9B510621-6781-3E17-BD80-7EA6014D021F}"
EndProject
Project("{FAE04EC0-301F-11D3-BF4B-00C04F79EFBC}") = "Win.Automation", "..\..\..\..\..\Unreal Engine\UE_5.3\Engine\Source\Programs\AutomationTool\Win\Win.Automation.csproj", "{FBA3EFBD-145A-34DF-9A4D-595B39C2E1FC}"
EndProject
Project("{FAE04EC0-301F-11D3-BF4B-00C04F79EFBC}") = "XLocLocalization.Automation", "..\..\..\..\..\Unreal Engine\UE_5.3\Engine\Source\Programs\AutomationTool\XLocLocalization\XLocLocalization.Automation.csproj", "{DE34FF33-E663-3127-92E3-D186B81BF750}"
EndProject
Project("{FAE04EC0-301F-11D3-BF4B-00C04F79EFBC}") = "ScriptGeneratorUbtPlugin.ubtplugin", "..\..\..\..\..\Unreal Engine\UE_5.3\Engine\Plugins\ScriptPlugin\Source\ScriptGeneratorUbtPlugin\ScriptGeneratorUbtPlugin.ubtplugin.csproj", "{E21209B1-039E-3E3E-839D-8F660A06D22A}"
EndProject
Project("{FAE04EC0-301F-11D3-BF4B-00C04F79EFBC}") = "EpicGames.AspNet", "..\..\..\..\..\Unreal Engine\UE_5.3\Engine\Source\Programs\Shared\EpicGames.AspNet\EpicGames.AspNet.csproj", "{1CD57B1A-9983-3365-8911-7A55502066F7}"
EndProject
Project("{FAE04EC0-301F-11D3-BF4B-00C04F79EFBC}") = "EpicGames.Box", "..\..\..\..\..\Unreal Engine\UE_5.3\Engine\Source\Programs\Shared\EpicGames.Box\EpicGames.Box.csproj", "{7382011F-7E9A-3F8B-8A7A-CB5D717B0314}"
EndProject
Project("{FAE04EC0-301F-11D3-BF4B-00C04F79EFBC}") = "EpicGames.Build", "..\..\..\..\..\Unreal Engine\UE_5.3\Engine\Source\Programs\Shared\EpicGames.Build\EpicGames.Build.csproj", "{8F1F43A5-286D-388A-BFE6-58BE2EE23E6F}"
EndProject
Project("{FAE04EC0-301F-11D3-BF4B-00C04F79EFBC}") = "EpicGames.BuildGraph", "..\..\..\..\..\Unreal Engine\UE_5.3\Engine\Source\Programs\Shared\EpicGames.BuildGraph\EpicGames.BuildGraph.csproj", "{6A0D29F3-B65F-31F6-9F60-D2B4A626EB56}"
EndProject
Project("{FAE04EC0-301F-11D3-BF4B-00C04F79EFBC}") = "EpicGames.Core", "..\..\..\..\..\Unreal Engine\UE_5.3\Engine\Source\Programs\Shared\EpicGames.Core\EpicGames.Core.csproj", "{DB46E580-8A7D-39A3-ADA1-EDAD77FA89A8}"
EndProject
Project("{FAE04EC0-301F-11D3-BF4B-00C04F79EFBC}") = "EpicGames.Horde", "..\..\..\..\..\Unreal Engine\UE_5.3\Engine\Source\Programs\Shared\EpicGames.Horde\EpicGames.Horde.csproj", "{E285C4B7-C3D1-3F91-BABC-84385257F1CE}"
EndProject
Project("{FAE04EC0-301F-11D3-BF4B-00C04F79EFBC}") = "EpicGames.IoHash", "..\..\..\..\..\Unreal Engine\UE_5.3\Engine\Source\Programs\Shared\EpicGames.IoHash\EpicGames.IoHash.csproj", "{9E74B0A1-34D6-33C5-A489-40CE6F8CC923}"
EndProject
Project("{FAE04EC0-301F-11D3-BF4B-00C04F79EFBC}") = "EpicGames.Jupiter", "..\..\..\..\..\Unreal Engine\UE_5.3\Engine\Source\Programs\Shared\EpicGames.Jupiter\EpicGames.Jupiter.csproj", "{C43564A4-77FE-3383-B587-6F4B2A40ABF0}"
EndProject
Project("{FAE04EC0-301F-11D3-BF4B-00C04F79EFBC}") = "EpicGames.MongoDB", "..\..\..\..\..\Unreal Engine\UE_5.3\Engine\Source\Programs\Shared\EpicGames.MongoDB\EpicGames.MongoDB.csproj", "{C3488ED1-474D-36C4-A298-C157F5DD5DC6}"
EndProject
Project("{FAE04EC0-301F-11D3-BF4B-00C04F79EFBC}") = "EpicGames.MsBuild", "..\..\..\..\..\Unreal Engine\UE_5.3\Engine\Source\Programs\Shared\EpicGames.MsBuild\EpicGames.MsBuild.csproj", "{528A480F-6BA7-3884-8D45-4D43C788A9B0}"
EndProject
Project("{FAE04EC0-301F-11D3-BF4B-00C04F79EFBC}") = "EpicGames.OIDC", "..\..\..\..\..\Unreal Engine\UE_5.3\Engine\Source\Programs\Shared\EpicGames.OIDC\EpicGames.OIDC.csproj", "{216FD18B-C44F-3562-A322-097C08A91348}"
EndProject
Project("{FAE04EC0-301F-11D3-BF4B-00C04F79EFBC}") = "EpicGames.Oodle", "..\..\..\..\..\Unreal Engine\UE_5.3\Engine\Source\Programs\Shared\EpicGames.Oodle\EpicGames.Oodle.csproj", "{4EA76CEB-E470-36A5-AE00-E980832F8B81}"
EndProject
Project("{FAE04EC0-301F-11D3-BF4B-00C04F79EFBC}") = "EpicGames.Perforce", "..\..\..\..\..\Unreal Engine\UE_5.3\Engine\Source\Programs\Shared\EpicGames.Perforce\EpicGames.Perforce.csproj", "{CDD319D7-56FA-3489-891D-6171A175E0C8}"
EndProject
Project("{FAE04EC0-301F-11D3-BF4B-00C04F79EFBC}") = "EpicGames.Perforce.Fixture", "..\..\..\..\..\Unreal Engine\UE_5.3\Engine\Source\Programs\Shared\EpicGames.Perforce.Fixture\EpicGames.Perforce.Fixture.csproj", "{33E5958A-4EE9-3C47-B930-9262FB770AE9}"
EndProject
Project("{FAE04EC0-301F-11D3-BF4B-00C04F79EFBC}") = "EpicGames.Perforce.Managed", "..\..\..\..\..\Unreal Engine\UE_5.3\Engine\Source\Programs\Shared\EpicGames.Perforce.Managed\EpicGames.Perforce.Managed.csproj", "{0698E274-9546-35D7-82AC-07B5188FB773}"
EndProject
Project("{FAE04EC0-301F-11D3-BF4B-00C04F79EFBC}") = "EpicGames.Redis", "..\..\..\..\..\Unreal Engine\UE_5.3\Engine\Source\Programs\Shared\EpicGames.Redis\EpicGames.Redis.csproj", "{29A9E2D6-CF49-30C2-BF90-0148B5461B41}"
EndProject
Project("{FAE04EC0-301F-11D3-BF4B-00C04F79EFBC}") = "EpicGames.Serialization", "..\..\..\..\..\Unreal Engine\UE_5.3\Engine\Source\Programs\Shared\EpicGames.Serialization\EpicGames.Serialization.csproj", "{2B682762-BF5D-3C32-92A2-DC735B4D7A40}"
EndProject
Project("{FAE04EC0-301F-11D3-BF4B-00C04F79EFBC}") = "EpicGames.Slack", "..\..\..\..\..\Unreal Engine\UE_5.3\Engine\Source\Programs\Shared\EpicGames.Slack\EpicGames.Slack.csproj", "{1AB5DEFC-52EF-3548-8B4F-FA4F09E2C123}"
EndProject
Project("{FAE04EC0-301F-11D3-BF4B-00C04F79EFBC}") = "EpicGames.Tracing", "..\..\..\..\..\Unreal Engine\UE_5.3\Engine\Source\Programs\Shared\EpicGames.Tracing\EpicGames.Tracing.csproj", "{7E9044C5-86AF-3E5D-9607-B8181B6C52F0}"
EndProject
Project("{FAE04EC0-301F-11D3-BF4B-00C04F79EFBC}") = "EpicGames.UHT", "..\..\..\..\..\Unreal Engine\UE_5.3\Engine\Source\Programs\Shared\EpicGames.UHT\EpicGames.UHT.csproj", "{AFF6C15F-E15A-3392-AF0C-FBBDB2C0A1C4}"
EndProject
Project("{FAE04EC0-301F-11D3-BF4B-00C04F79EFBC}") = "UE5ProgramRules", "..\..\..\..\..\Unreal Engine\UE_5.3\Engine\Intermediate\Build\BuildRulesProjects\UE5ProgramRules\UE5ProgramRules.csproj", "{24F85781-0699-37BD-9770-DE996027104B}"
EndProject
Project("{FAE04EC0-301F-11D3-BF4B-00C04F79EFBC}") = "UE5Rules", "..\..\..\..\..\Unreal Engine\UE_5.3\Engine\Intermediate\Build\BuildRulesProjects\UE5Rules\UE5Rules.csproj", "{489729E8-68D7-333D-B972-6F6F1CB8D292}"
EndProject
Project("{FAE04EC0-301F-11D3-BF4B-00C04F79EFBC}") = "FolioesModuleRules", "Intermediate\Build\BuildRulesProjects\FolioesModuleRules\FolioesModuleRules.csproj", "{E84227C3-B4DB-30AE-ABE8-08A762358996}"
EndProject
Project("{2150E333-8FDC-42A3-9474-1A3956D46DE8}") = "Visualizers", "Visualizers", "{1CCEC849-CC72-4C59-8C36-2F7C38706D4C}"
	ProjectSection(SolutionItems) = preProject
		..\..\..\..\..\Unreal Engine\UE_5.3\Engine\Extras\VisualStudioDebugging\Unreal.natvis = ..\..\..\..\..\Unreal Engine\UE_5.3\Engine\Extras\VisualStudioDebugging\Unreal.natvis
		..\..\..\..\..\Unreal Engine\UE_5.3\Engine\Extras\VisualStudioDebugging\Unreal.natstepfilter = ..\..\..\..\..\Unreal Engine\UE_5.3\Engine\Extras\VisualStudioDebugging\Unreal.natstepfilter
	EndProjectSection
EndProject
Global
	GlobalSection(SolutionConfigurationPlatforms) = preSolution
		DebugGame Editor|Win64 = DebugGame Editor|Win64
		DebugGame|Win64 = DebugGame|Win64
		Development Editor|Win64 = Development Editor|Win64
		Development|Win64 = Development|Win64
		Shipping|Win64 = Shipping|Win64
	EndGlobalSection
	# UnrealVS Section
	GlobalSection(ddbf523f-7eb6-4887-bd51-85a714ff87eb) = preSolution
		AvailablePlatforms=Win64
	EndGlobalSection
	GlobalSection(ProjectConfigurationPlatforms) = postSolution
		{AB22C1DD-27D8-366E-B9F4-89F08701788E}.DebugGame Editor|Win64.ActiveCfg = BuiltWithUnrealBuildTool|Win64
		{AB22C1DD-27D8-366E-B9F4-89F08701788E}.DebugGame|Win64.ActiveCfg = BuiltWithUnrealBuildTool|Win64
		{AB22C1DD-27D8-366E-B9F4-89F08701788E}.Development Editor|Win64.ActiveCfg = BuiltWithUnrealBuildTool|Win64
		{AB22C1DD-27D8-366E-B9F4-89F08701788E}.Development|Win64.ActiveCfg = BuiltWithUnrealBuildTool|Win64
		{AB22C1DD-27D8-366E-B9F4-89F08701788E}.Shipping|Win64.ActiveCfg = BuiltWithUnrealBuildTool|Win64
		{9E287688-FFD4-3458-9FD5-EADA640B93A7}.DebugGame Editor|Win64.ActiveCfg = DebugGame_Editor|x64
		{9E287688-FFD4-3458-9FD5-EADA640B93A7}.DebugGame Editor|Win64.Build.0 = DebugGame_Editor|x64
		{9E287688-FFD4-3458-9FD5-EADA640B93A7}.DebugGame|Win64.ActiveCfg = DebugGame|x64
		{9E287688-FFD4-3458-9FD5-EADA640B93A7}.DebugGame|Win64.Build.0 = DebugGame|x64
		{9E287688-FFD4-3458-9FD5-EADA640B93A7}.Development Editor|Win64.ActiveCfg = Development_Editor|x64
		{9E287688-FFD4-3458-9FD5-EADA640B93A7}.Development Editor|Win64.Build.0 = Development_Editor|x64
		{9E287688-FFD4-3458-9FD5-EADA640B93A7}.Development|Win64.ActiveCfg = Development|x64
		{9E287688-FFD4-3458-9FD5-EADA640B93A7}.Development|Win64.Build.0 = Development|x64
		{9E287688-FFD4-3458-9FD5-EADA640B93A7}.Shipping|Win64.ActiveCfg = Shipping|x64
		{9E287688-FFD4-3458-9FD5-EADA640B93A7}.Shipping|Win64.Build.0 = Shipping|x64
		{1D533084-D69D-3474-B17B-0D6A1B334179}.DebugGame Editor|Win64.ActiveCfg = Development|Any CPU
		{1D533084-D69D-3474-B17B-0D6A1B334179}.DebugGame Editor|Win64.Build.0 = Development|Any CPU
		{1D533084-D69D-3474-B17B-0D6A1B334179}.DebugGame|Win64.ActiveCfg = Development|Any CPU
		{1D533084-D69D-3474-B17B-0D6A1B334179}.DebugGame|Win64.Build.0 = Development|Any CPU
		{1D533084-D69D-3474-B17B-0D6A1B334179}.Development Editor|Win64.ActiveCfg = Development|Any CPU
		{1D533084-D69D-3474-B17B-0D6A1B334179}.Development Editor|Win64.Build.0 = Development|Any CPU
		{1D533084-D69D-3474-B17B-0D6A1B334179}.Development|Win64.ActiveCfg = Development|Any CPU
		{1D533084-D69D-3474-B17B-0D6A1B334179}.Development|Win64.Build.0 = Development|Any CPU
		{1D533084-D69D-3474-B17B-0D6A1B334179}.Shipping|Win64.ActiveCfg = Development|Any CPU
		{1D533084-D69D-3474-B17B-0D6A1B334179}.Shipping|Win64.Build.0 = Development|Any CPU
		{A454825F-BD9A-3561-A707-E58C297986D7}.DebugGame Editor|Win64.ActiveCfg = Development|Any CPU
		{A454825F-BD9A-3561-A707-E58C297986D7}.DebugGame Editor|Win64.Build.0 = Development|Any CPU
		{A454825F-BD9A-3561-A707-E58C297986D7}.DebugGame|Win64.ActiveCfg = Development|Any CPU
		{A454825F-BD9A-3561-A707-E58C297986D7}.DebugGame|Win64.Build.0 = Development|Any CPU
		{A454825F-BD9A-3561-A707-E58C297986D7}.Development Editor|Win64.ActiveCfg = Development|Any CPU
		{A454825F-BD9A-3561-A707-E58C297986D7}.Development Editor|Win64.Build.0 = Development|Any CPU
		{A454825F-BD9A-3561-A707-E58C297986D7}.Development|Win64.ActiveCfg = Development|Any CPU
		{A454825F-BD9A-3561-A707-E58C297986D7}.Development|Win64.Build.0 = Development|Any CPU
		{A454825F-BD9A-3561-A707-E58C297986D7}.Shipping|Win64.ActiveCfg = Development|Any CPU
		{A454825F-BD9A-3561-A707-E58C297986D7}.Shipping|Win64.Build.0 = Development|Any CPU
		{70A03A19-890B-31B7-9DAE-C67E966197BE}.DebugGame Editor|Win64.ActiveCfg = Development|Any CPU
		{70A03A19-890B-31B7-9DAE-C67E966197BE}.DebugGame Editor|Win64.Build.0 = Development|Any CPU
		{70A03A19-890B-31B7-9DAE-C67E966197BE}.DebugGame|Win64.ActiveCfg = Development|Any CPU
		{70A03A19-890B-31B7-9DAE-C67E966197BE}.DebugGame|Win64.Build.0 = Development|Any CPU
		{70A03A19-890B-31B7-9DAE-C67E966197BE}.Development Editor|Win64.ActiveCfg = Development|Any CPU
		{70A03A19-890B-31B7-9DAE-C67E966197BE}.Development Editor|Win64.Build.0 = Development|Any CPU
		{70A03A19-890B-31B7-9DAE-C67E966197BE}.Development|Win64.ActiveCfg = Development|Any CPU
		{70A03A19-890B-31B7-9DAE-C67E966197BE}.Development|Win64.Build.0 = Development|Any CPU
		{70A03A19-890B-31B7-9DAE-C67E966197BE}.Shipping|Win64.ActiveCfg = Development|Any CPU
		{70A03A19-890B-31B7-9DAE-C67E966197BE}.Shipping|Win64.Build.0 = Development|Any CPU
		{549DCB12-C42B-3B2B-BAAC-6B161DCBA3C1}.DebugGame Editor|Win64.ActiveCfg = Development|Any CPU
		{549DCB12-C42B-3B2B-BAAC-6B161DCBA3C1}.DebugGame Editor|Win64.Build.0 = Development|Any CPU
		{549DCB12-C42B-3B2B-BAAC-6B161DCBA3C1}.DebugGame|Win64.ActiveCfg = Development|Any CPU
		{549DCB12-C42B-3B2B-BAAC-6B161DCBA3C1}.DebugGame|Win64.Build.0 = Development|Any CPU
		{549DCB12-C42B-3B2B-BAAC-6B161DCBA3C1}.Development Editor|Win64.ActiveCfg = Development|Any CPU
		{549DCB12-C42B-3B2B-BAAC-6B161DCBA3C1}.Development Editor|Win64.Build.0 = Development|Any CPU
		{549DCB12-C42B-3B2B-BAAC-6B161DCBA3C1}.Development|Win64.ActiveCfg = Development|Any CPU
		{549DCB12-C42B-3B2B-BAAC-6B161DCBA3C1}.Development|Win64.Build.0 = Development|Any CPU
		{549DCB12-C42B-3B2B-BAAC-6B161DCBA3C1}.Shipping|Win64.ActiveCfg = Development|Any CPU
		{549DCB12-C42B-3B2B-BAAC-6B161DCBA3C1}.Shipping|Win64.Build.0 = Development|Any CPU
		{B58F4985-32C2-3541-B2BD-7905BECE2B2D}.DebugGame Editor|Win64.ActiveCfg = Development|Any CPU
		{B58F4985-32C2-3541-B2BD-7905BECE2B2D}.DebugGame Editor|Win64.Build.0 = Development|Any CPU
		{B58F4985-32C2-3541-B2BD-7905BECE2B2D}.DebugGame|Win64.ActiveCfg = Development|Any CPU
		{B58F4985-32C2-3541-B2BD-7905BECE2B2D}.DebugGame|Win64.Build.0 = Development|Any CPU
		{B58F4985-32C2-3541-B2BD-7905BECE2B2D}.Development Editor|Win64.ActiveCfg = Development|Any CPU
		{B58F4985-32C2-3541-B2BD-7905BECE2B2D}.Development Editor|Win64.Build.0 = Development|Any CPU
		{B58F4985-32C2-3541-B2BD-7905BECE2B2D}.Development|Win64.ActiveCfg = Development|Any CPU
		{B58F4985-32C2-3541-B2BD-7905BECE2B2D}.Development|Win64.Build.0 = Development|Any CPU
		{B58F4985-32C2-3541-B2BD-7905BECE2B2D}.Shipping|Win64.ActiveCfg = Development|Any CPU
		{B58F4985-32C2-3541-B2BD-7905BECE2B2D}.Shipping|Win64.Build.0 = Development|Any CPU
		{0CA10B0E-60FA-3F0D-801C-7D9B7874EE46}.DebugGame Editor|Win64.ActiveCfg = Development|Any CPU
		{0CA10B0E-60FA-3F0D-801C-7D9B7874EE46}.DebugGame Editor|Win64.Build.0 = Development|Any CPU
		{0CA10B0E-60FA-3F0D-801C-7D9B7874EE46}.DebugGame|Win64.ActiveCfg = Development|Any CPU
		{0CA10B0E-60FA-3F0D-801C-7D9B7874EE46}.DebugGame|Win64.Build.0 = Development|Any CPU
		{0CA10B0E-60FA-3F0D-801C-7D9B7874EE46}.Development Editor|Win64.ActiveCfg = Development|Any CPU
		{0CA10B0E-60FA-3F0D-801C-7D9B7874EE46}.Development Editor|Win64.Build.0 = Development|Any CPU
		{0CA10B0E-60FA-3F0D-801C-7D9B7874EE46}.Development|Win64.ActiveCfg = Development|Any CPU
		{0CA10B0E-60FA-3F0D-801C-7D9B7874EE46}.Development|Win64.Build.0 = Development|Any CPU
		{0CA10B0E-60FA-3F0D-801C-7D9B7874EE46}.Shipping|Win64.ActiveCfg = Development|Any CPU
		{0CA10B0E-60FA-3F0D-801C-7D9B7874EE46}.Shipping|Win64.Build.0 = Development|Any CPU
		{62B34A99-82A4-32C2-A122-0A8736893D0C}.DebugGame Editor|Win64.ActiveCfg = Development|Any CPU
		{62B34A99-82A4-32C2-A122-0A8736893D0C}.DebugGame Editor|Win64.Build.0 = Development|Any CPU
		{62B34A99-82A4-32C2-A122-0A8736893D0C}.DebugGame|Win64.ActiveCfg = Development|Any CPU
		{62B34A99-82A4-32C2-A122-0A8736893D0C}.DebugGame|Win64.Build.0 = Development|Any CPU
		{62B34A99-82A4-32C2-A122-0A8736893D0C}.Development Editor|Win64.ActiveCfg = Development|Any CPU
		{62B34A99-82A4-32C2-A122-0A8736893D0C}.Development Editor|Win64.Build.0 = Development|Any CPU
		{62B34A99-82A4-32C2-A122-0A8736893D0C}.Development|Win64.ActiveCfg = Development|Any CPU
		{62B34A99-82A4-32C2-A122-0A8736893D0C}.Development|Win64.Build.0 = Development|Any CPU
		{62B34A99-82A4-32C2-A122-0A8736893D0C}.Shipping|Win64.ActiveCfg = Development|Any CPU
		{62B34A99-82A4-32C2-A122-0A8736893D0C}.Shipping|Win64.Build.0 = Development|Any CPU
		{771D4600-E26A-38BF-AD56-51D20914C54D}.DebugGame Editor|Win64.ActiveCfg = Development|Any CPU
		{771D4600-E26A-38BF-AD56-51D20914C54D}.DebugGame Editor|Win64.Build.0 = Development|Any CPU
		{771D4600-E26A-38BF-AD56-51D20914C54D}.DebugGame|Win64.ActiveCfg = Development|Any CPU
		{771D4600-E26A-38BF-AD56-51D20914C54D}.DebugGame|Win64.Build.0 = Development|Any CPU
		{771D4600-E26A-38BF-AD56-51D20914C54D}.Development Editor|Win64.ActiveCfg = Development|Any CPU
		{771D4600-E26A-38BF-AD56-51D20914C54D}.Development Editor|Win64.Build.0 = Development|Any CPU
		{771D4600-E26A-38BF-AD56-51D20914C54D}.Development|Win64.ActiveCfg = Development|Any CPU
		{771D4600-E26A-38BF-AD56-51D20914C54D}.Development|Win64.Build.0 = Development|Any CPU
		{771D4600-E26A-38BF-AD56-51D20914C54D}.Shipping|Win64.ActiveCfg = Development|Any CPU
		{771D4600-E26A-38BF-AD56-51D20914C54D}.Shipping|Win64.Build.0 = Development|Any CPU
		{3C75A1A1-8F0D-3997-B4DC-51642D24E70D}.DebugGame Editor|Win64.ActiveCfg = Development|Any CPU
		{3C75A1A1-8F0D-3997-B4DC-51642D24E70D}.DebugGame Editor|Win64.Build.0 = Development|Any CPU
		{3C75A1A1-8F0D-3997-B4DC-51642D24E70D}.DebugGame|Win64.ActiveCfg = Development|Any CPU
		{3C75A1A1-8F0D-3997-B4DC-51642D24E70D}.DebugGame|Win64.Build.0 = Development|Any CPU
		{3C75A1A1-8F0D-3997-B4DC-51642D24E70D}.Development Editor|Win64.ActiveCfg = Development|Any CPU
		{3C75A1A1-8F0D-3997-B4DC-51642D24E70D}.Development Editor|Win64.Build.0 = Development|Any CPU
		{3C75A1A1-8F0D-3997-B4DC-51642D24E70D}.Development|Win64.ActiveCfg = Development|Any CPU
		{3C75A1A1-8F0D-3997-B4DC-51642D24E70D}.Development|Win64.Build.0 = Development|Any CPU
		{3C75A1A1-8F0D-3997-B4DC-51642D24E70D}.Shipping|Win64.ActiveCfg = Development|Any CPU
		{3C75A1A1-8F0D-3997-B4DC-51642D24E70D}.Shipping|Win64.Build.0 = Development|Any CPU
		{5C7B31A2-166A-307F-8419-2006A60B2304}.DebugGame Editor|Win64.ActiveCfg = Development|Any CPU
		{5C7B31A2-166A-307F-8419-2006A60B2304}.DebugGame Editor|Win64.Build.0 = Development|Any CPU
		{5C7B31A2-166A-307F-8419-2006A60B2304}.DebugGame|Win64.ActiveCfg = Development|Any CPU
		{5C7B31A2-166A-307F-8419-2006A60B2304}.DebugGame|Win64.Build.0 = Development|Any CPU
		{5C7B31A2-166A-307F-8419-2006A60B2304}.Development Editor|Win64.ActiveCfg = Development|Any CPU
		{5C7B31A2-166A-307F-8419-2006A60B2304}.Development Editor|Win64.Build.0 = Development|Any CPU
		{5C7B31A2-166A-307F-8419-2006A60B2304}.Development|Win64.ActiveCfg = Development|Any CPU
		{5C7B31A2-166A-307F-8419-2006A60B2304}.Development|Win64.Build.0 = Development|Any CPU
		{5C7B31A2-166A-307F-8419-2006A60B2304}.Shipping|Win64.ActiveCfg = Development|Any CPU
		{5C7B31A2-166A-307F-8419-2006A60B2304}.Shipping|Win64.Build.0 = Development|Any CPU
		{DF156BD8-8BE4-3064-ACE8-DCF2E78569C9}.DebugGame Editor|Win64.ActiveCfg = Development|Any CPU
		{DF156BD8-8BE4-3064-ACE8-DCF2E78569C9}.DebugGame Editor|Win64.Build.0 = Development|Any CPU
		{DF156BD8-8BE4-3064-ACE8-DCF2E78569C9}.DebugGame|Win64.ActiveCfg = Development|Any CPU
		{DF156BD8-8BE4-3064-ACE8-DCF2E78569C9}.DebugGame|Win64.Build.0 = Development|Any CPU
		{DF156BD8-8BE4-3064-ACE8-DCF2E78569C9}.Development Editor|Win64.ActiveCfg = Development|Any CPU
		{DF156BD8-8BE4-3064-ACE8-DCF2E78569C9}.Development Editor|Win64.Build.0 = Development|Any CPU
		{DF156BD8-8BE4-3064-ACE8-DCF2E78569C9}.Development|Win64.ActiveCfg = Development|Any CPU
		{DF156BD8-8BE4-3064-ACE8-DCF2E78569C9}.Development|Win64.Build.0 = Development|Any CPU
		{DF156BD8-8BE4-3064-ACE8-DCF2E78569C9}.Shipping|Win64.ActiveCfg = Development|Any CPU
		{DF156BD8-8BE4-3064-ACE8-DCF2E78569C9}.Shipping|Win64.Build.0 = Development|Any CPU
		{BDDCF022-C7AA-3051-9835-58463A43B3BE}.DebugGame Editor|Win64.ActiveCfg = Development|Any CPU
		{BDDCF022-C7AA-3051-9835-58463A43B3BE}.DebugGame Editor|Win64.Build.0 = Development|Any CPU
		{BDDCF022-C7AA-3051-9835-58463A43B3BE}.DebugGame|Win64.ActiveCfg = Development|Any CPU
		{BDDCF022-C7AA-3051-9835-58463A43B3BE}.DebugGame|Win64.Build.0 = Development|Any CPU
		{BDDCF022-C7AA-3051-9835-58463A43B3BE}.Development Editor|Win64.ActiveCfg = Development|Any CPU
		{BDDCF022-C7AA-3051-9835-58463A43B3BE}.Development Editor|Win64.Build.0 = Development|Any CPU
		{BDDCF022-C7AA-3051-9835-58463A43B3BE}.Development|Win64.ActiveCfg = Development|Any CPU
		{BDDCF022-C7AA-3051-9835-58463A43B3BE}.Development|Win64.Build.0 = Development|Any CPU
		{BDDCF022-C7AA-3051-9835-58463A43B3BE}.Shipping|Win64.ActiveCfg = Development|Any CPU
		{BDDCF022-C7AA-3051-9835-58463A43B3BE}.Shipping|Win64.Build.0 = Development|Any CPU
		{28825FE2-3B96-3C8C-AEBE-2EFF10E0D5AE}.DebugGame Editor|Win64.ActiveCfg = Development|Any CPU
		{28825FE2-3B96-3C8C-AEBE-2EFF10E0D5AE}.DebugGame Editor|Win64.Build.0 = Development|Any CPU
		{28825FE2-3B96-3C8C-AEBE-2EFF10E0D5AE}.DebugGame|Win64.ActiveCfg = Development|Any CPU
		{28825FE2-3B96-3C8C-AEBE-2EFF10E0D5AE}.DebugGame|Win64.Build.0 = Development|Any CPU
		{28825FE2-3B96-3C8C-AEBE-2EFF10E0D5AE}.Development Editor|Win64.ActiveCfg = Development|Any CPU
		{28825FE2-3B96-3C8C-AEBE-2EFF10E0D5AE}.Development Editor|Win64.Build.0 = Development|Any CPU
		{28825FE2-3B96-3C8C-AEBE-2EFF10E0D5AE}.Development|Win64.ActiveCfg = Development|Any CPU
		{28825FE2-3B96-3C8C-AEBE-2EFF10E0D5AE}.Development|Win64.Build.0 = Development|Any CPU
		{28825FE2-3B96-3C8C-AEBE-2EFF10E0D5AE}.Shipping|Win64.ActiveCfg = Development|Any CPU
		{28825FE2-3B96-3C8C-AEBE-2EFF10E0D5AE}.Shipping|Win64.Build.0 = Development|Any CPU
		{5210602A-35FD-33D9-BAF3-AC67C8DEFE98}.DebugGame Editor|Win64.ActiveCfg = Development|Any CPU
		{5210602A-35FD-33D9-BAF3-AC67C8DEFE98}.DebugGame Editor|Win64.Build.0 = Development|Any CPU
		{5210602A-35FD-33D9-BAF3-AC67C8DEFE98}.DebugGame|Win64.ActiveCfg = Development|Any CPU
		{5210602A-35FD-33D9-BAF3-AC67C8DEFE98}.DebugGame|Win64.Build.0 = Development|Any CPU
		{5210602A-35FD-33D9-BAF3-AC67C8DEFE98}.Development Editor|Win64.ActiveCfg = Development|Any CPU
		{5210602A-35FD-33D9-BAF3-AC67C8DEFE98}.Development Editor|Win64.Build.0 = Development|Any CPU
		{5210602A-35FD-33D9-BAF3-AC67C8DEFE98}.Development|Win64.ActiveCfg = Development|Any CPU
		{5210602A-35FD-33D9-BAF3-AC67C8DEFE98}.Development|Win64.Build.0 = Development|Any CPU
		{5210602A-35FD-33D9-BAF3-AC67C8DEFE98}.Shipping|Win64.ActiveCfg = Development|Any CPU
		{5210602A-35FD-33D9-BAF3-AC67C8DEFE98}.Shipping|Win64.Build.0 = Development|Any CPU
		{D8FC2443-D01A-3DC5-8DFA-946F355CD866}.DebugGame Editor|Win64.ActiveCfg = Development|Any CPU
		{D8FC2443-D01A-3DC5-8DFA-946F355CD866}.DebugGame Editor|Win64.Build.0 = Development|Any CPU
		{D8FC2443-D01A-3DC5-8DFA-946F355CD866}.DebugGame|Win64.ActiveCfg = Development|Any CPU
		{D8FC2443-D01A-3DC5-8DFA-946F355CD866}.DebugGame|Win64.Build.0 = Development|Any CPU
		{D8FC2443-D01A-3DC5-8DFA-946F355CD866}.Development Editor|Win64.ActiveCfg = Development|Any CPU
		{D8FC2443-D01A-3DC5-8DFA-946F355CD866}.Development Editor|Win64.Build.0 = Development|Any CPU
		{D8FC2443-D01A-3DC5-8DFA-946F355CD866}.Development|Win64.ActiveCfg = Development|Any CPU
		{D8FC2443-D01A-3DC5-8DFA-946F355CD866}.Development|Win64.Build.0 = Development|Any CPU
		{D8FC2443-D01A-3DC5-8DFA-946F355CD866}.Shipping|Win64.ActiveCfg = Development|Any CPU
		{D8FC2443-D01A-3DC5-8DFA-946F355CD866}.Shipping|Win64.Build.0 = Development|Any CPU
		{9E5B428F-5E4E-31C3-9733-094BC9DCF653}.DebugGame Editor|Win64.ActiveCfg = Development|Any CPU
		{9E5B428F-5E4E-31C3-9733-094BC9DCF653}.DebugGame Editor|Win64.Build.0 = Development|Any CPU
		{9E5B428F-5E4E-31C3-9733-094BC9DCF653}.DebugGame|Win64.ActiveCfg = Development|Any CPU
		{9E5B428F-5E4E-31C3-9733-094BC9DCF653}.DebugGame|Win64.Build.0 = Development|Any CPU
		{9E5B428F-5E4E-31C3-9733-094BC9DCF653}.Development Editor|Win64.ActiveCfg = Development|Any CPU
		{9E5B428F-5E4E-31C3-9733-094BC9DCF653}.Development Editor|Win64.Build.0 = Development|Any CPU
		{9E5B428F-5E4E-31C3-9733-094BC9DCF653}.Development|Win64.ActiveCfg = Development|Any CPU
		{9E5B428F-5E4E-31C3-9733-094BC9DCF653}.Development|Win64.Build.0 = Development|Any CPU
		{9E5B428F-5E4E-31C3-9733-094BC9DCF653}.Shipping|Win64.ActiveCfg = Development|Any CPU
		{9E5B428F-5E4E-31C3-9733-094BC9DCF653}.Shipping|Win64.Build.0 = Development|Any CPU
		{CA06F398-0953-3C9F-B446-25A71001B81A}.DebugGame Editor|Win64.ActiveCfg = Development|Any CPU
		{CA06F398-0953-3C9F-B446-25A71001B81A}.DebugGame Editor|Win64.Build.0 = Development|Any CPU
		{CA06F398-0953-3C9F-B446-25A71001B81A}.DebugGame|Win64.ActiveCfg = Development|Any CPU
		{CA06F398-0953-3C9F-B446-25A71001B81A}.DebugGame|Win64.Build.0 = Development|Any CPU
		{CA06F398-0953-3C9F-B446-25A71001B81A}.Development Editor|Win64.ActiveCfg = Development|Any CPU
		{CA06F398-0953-3C9F-B446-25A71001B81A}.Development Editor|Win64.Build.0 = Development|Any CPU
		{CA06F398-0953-3C9F-B446-25A71001B81A}.Development|Win64.ActiveCfg = Development|Any CPU
		{CA06F398-0953-3C9F-B446-25A71001B81A}.Development|Win64.Build.0 = Development|Any CPU
		{CA06F398-0953-3C9F-B446-25A71001B81A}.Shipping|Win64.ActiveCfg = Development|Any CPU
		{CA06F398-0953-3C9F-B446-25A71001B81A}.Shipping|Win64.Build.0 = Development|Any CPU
		{E5785545-71A7-3824-ABFE-CCD353FC1EF6}.DebugGame Editor|Win64.ActiveCfg = Development|Any CPU
		{E5785545-71A7-3824-ABFE-CCD353FC1EF6}.DebugGame Editor|Win64.Build.0 = Development|Any CPU
		{E5785545-71A7-3824-ABFE-CCD353FC1EF6}.DebugGame|Win64.ActiveCfg = Development|Any CPU
		{E5785545-71A7-3824-ABFE-CCD353FC1EF6}.DebugGame|Win64.Build.0 = Development|Any CPU
		{E5785545-71A7-3824-ABFE-CCD353FC1EF6}.Development Editor|Win64.ActiveCfg = Development|Any CPU
		{E5785545-71A7-3824-ABFE-CCD353FC1EF6}.Development Editor|Win64.Build.0 = Development|Any CPU
		{E5785545-71A7-3824-ABFE-CCD353FC1EF6}.Development|Win64.ActiveCfg = Development|Any CPU
		{E5785545-71A7-3824-ABFE-CCD353FC1EF6}.Development|Win64.Build.0 = Development|Any CPU
		{E5785545-71A7-3824-ABFE-CCD353FC1EF6}.Shipping|Win64.ActiveCfg = Development|Any CPU
		{E5785545-71A7-3824-ABFE-CCD353FC1EF6}.Shipping|Win64.Build.0 = Development|Any CPU
		{FAD13640-8862-34A6-B406-6279CAE9425C}.DebugGame Editor|Win64.ActiveCfg = Development|Any CPU
		{FAD13640-8862-34A6-B406-6279CAE9425C}.DebugGame Editor|Win64.Build.0 = Development|Any CPU
		{FAD13640-8862-34A6-B406-6279CAE9425C}.DebugGame|Win64.ActiveCfg = Development|Any CPU
		{FAD13640-8862-34A6-B406-6279CAE9425C}.DebugGame|Win64.Build.0 = Development|Any CPU
		{FAD13640-8862-34A6-B406-6279CAE9425C}.Development Editor|Win64.ActiveCfg = Development|Any CPU
		{FAD13640-8862-34A6-B406-6279CAE9425C}.Development Editor|Win64.Build.0 = Development|Any CPU
		{FAD13640-8862-34A6-B406-6279CAE9425C}.Development|Win64.ActiveCfg = Development|Any CPU
		{FAD13640-8862-34A6-B406-6279CAE9425C}.Development|Win64.Build.0 = Development|Any CPU
		{FAD13640-8862-34A6-B406-6279CAE9425C}.Shipping|Win64.ActiveCfg = Development|Any CPU
		{FAD13640-8862-34A6-B406-6279CAE9425C}.Shipping|Win64.Build.0 = Development|Any CPU
		{9B510621-6781-3E17-BD80-7EA6014D021F}.DebugGame Editor|Win64.ActiveCfg = Development|Any CPU
		{9B510621-6781-3E17-BD80-7EA6014D021F}.DebugGame Editor|Win64.Build.0 = Development|Any CPU
		{9B510621-6781-3E17-BD80-7EA6014D021F}.DebugGame|Win64.ActiveCfg = Development|Any CPU
		{9B510621-6781-3E17-BD80-7EA6014D021F}.DebugGame|Win64.Build.0 = Development|Any CPU
		{9B510621-6781-3E17-BD80-7EA6014D021F}.Development Editor|Win64.ActiveCfg = Development|Any CPU
		{9B510621-6781-3E17-BD80-7EA6014D021F}.Development Editor|Win64.Build.0 = Development|Any CPU
		{9B510621-6781-3E17-BD80-7EA6014D021F}.Development|Win64.ActiveCfg = Development|Any CPU
		{9B510621-6781-3E17-BD80-7EA6014D021F}.Development|Win64.Build.0 = Development|Any CPU
		{9B510621-6781-3E17-BD80-7EA6014D021F}.Shipping|Win64.ActiveCfg = Development|Any CPU
		{9B510621-6781-3E17-BD80-7EA6014D021F}.Shipping|Win64.Build.0 = Development|Any CPU
		{FBA3EFBD-145A-34DF-9A4D-595B39C2E1FC}.DebugGame Editor|Win64.ActiveCfg = Development|Any CPU
		{FBA3EFBD-145A-34DF-9A4D-595B39C2E1FC}.DebugGame Editor|Win64.Build.0 = Development|Any CPU
		{FBA3EFBD-145A-34DF-9A4D-595B39C2E1FC}.DebugGame|Win64.ActiveCfg = Development|Any CPU
		{FBA3EFBD-145A-34DF-9A4D-595B39C2E1FC}.DebugGame|Win64.Build.0 = Development|Any CPU
		{FBA3EFBD-145A-34DF-9A4D-595B39C2E1FC}.Development Editor|Win64.ActiveCfg = Development|Any CPU
		{FBA3EFBD-145A-34DF-9A4D-595B39C2E1FC}.Development Editor|Win64.Build.0 = Development|Any CPU
		{FBA3EFBD-145A-34DF-9A4D-595B39C2E1FC}.Development|Win64.ActiveCfg = Development|Any CPU
		{FBA3EFBD-145A-34DF-9A4D-595B39C2E1FC}.Development|Win64.Build.0 = Development|Any CPU
		{FBA3EFBD-145A-34DF-9A4D-595B39C2E1FC}.Shipping|Win64.ActiveCfg = Development|Any CPU
		{FBA3EFBD-145A-34DF-9A4D-595B39C2E1FC}.Shipping|Win64.Build.0 = Development|Any CPU
		{DE34FF33-E663-3127-92E3-D186B81BF750}.DebugGame Editor|Win64.ActiveCfg = Development|Any CPU
		{DE34FF33-E663-3127-92E3-D186B81BF750}.DebugGame Editor|Win64.Build.0 = Development|Any CPU
		{DE34FF33-E663-3127-92E3-D186B81BF750}.DebugGame|Win64.ActiveCfg = Development|Any CPU
		{DE34FF33-E663-3127-92E3-D186B81BF750}.DebugGame|Win64.Build.0 = Development|Any CPU
		{DE34FF33-E663-3127-92E3-D186B81BF750}.Development Editor|Win64.ActiveCfg = Development|Any CPU
		{DE34FF33-E663-3127-92E3-D186B81BF750}.Development Editor|Win64.Build.0 = Development|Any CPU
		{DE34FF33-E663-3127-92E3-D186B81BF750}.Development|Win64.ActiveCfg = Development|Any CPU
		{DE34FF33-E663-3127-92E3-D186B81BF750}.Development|Win64.Build.0 = Development|Any CPU
		{DE34FF33-E663-3127-92E3-D186B81BF750}.Shipping|Win64.ActiveCfg = Development|Any CPU
		{DE34FF33-E663-3127-92E3-D186B81BF750}.Shipping|Win64.Build.0 = Development|Any CPU
		{E21209B1-039E-3E3E-839D-8F660A06D22A}.DebugGame Editor|Win64.ActiveCfg = Development|Any CPU
		{E21209B1-039E-3E3E-839D-8F660A06D22A}.DebugGame Editor|Win64.Build.0 = Development|Any CPU
		{E21209B1-039E-3E3E-839D-8F660A06D22A}.DebugGame|Win64.ActiveCfg = Development|Any CPU
		{E21209B1-039E-3E3E-839D-8F660A06D22A}.DebugGame|Win64.Build.0 = Development|Any CPU
		{E21209B1-039E-3E3E-839D-8F660A06D22A}.Development Editor|Win64.ActiveCfg = Development|Any CPU
		{E21209B1-039E-3E3E-839D-8F660A06D22A}.Development Editor|Win64.Build.0 = Development|Any CPU
		{E21209B1-039E-3E3E-839D-8F660A06D22A}.Development|Win64.ActiveCfg = Development|Any CPU
		{E21209B1-039E-3E3E-839D-8F660A06D22A}.Development|Win64.Build.0 = Development|Any CPU
		{E21209B1-039E-3E3E-839D-8F660A06D22A}.Shipping|Win64.ActiveCfg = Development|Any CPU
		{E21209B1-039E-3E3E-839D-8F660A06D22A}.Shipping|Win64.Build.0 = Development|Any CPU
		{1CD57B1A-9983-3365-8911-7A55502066F7}.DebugGame Editor|Win64.ActiveCfg = Development|Any CPU
		{1CD57B1A-9983-3365-8911-7A55502066F7}.DebugGame Editor|Win64.Build.0 = Development|Any CPU
		{1CD57B1A-9983-3365-8911-7A55502066F7}.DebugGame|Win64.ActiveCfg = Development|Any CPU
		{1CD57B1A-9983-3365-8911-7A55502066F7}.DebugGame|Win64.Build.0 = Development|Any CPU
		{1CD57B1A-9983-3365-8911-7A55502066F7}.Development Editor|Win64.ActiveCfg = Development|Any CPU
		{1CD57B1A-9983-3365-8911-7A55502066F7}.Development Editor|Win64.Build.0 = Development|Any CPU
		{1CD57B1A-9983-3365-8911-7A55502066F7}.Development|Win64.ActiveCfg = Development|Any CPU
		{1CD57B1A-9983-3365-8911-7A55502066F7}.Development|Win64.Build.0 = Development|Any CPU
		{1CD57B1A-9983-3365-8911-7A55502066F7}.Shipping|Win64.ActiveCfg = Development|Any CPU
		{1CD57B1A-9983-3365-8911-7A55502066F7}.Shipping|Win64.Build.0 = Development|Any CPU
		{7382011F-7E9A-3F8B-8A7A-CB5D717B0314}.DebugGame Editor|Win64.ActiveCfg = Development|Any CPU
		{7382011F-7E9A-3F8B-8A7A-CB5D717B0314}.DebugGame Editor|Win64.Build.0 = Development|Any CPU
		{7382011F-7E9A-3F8B-8A7A-CB5D717B0314}.DebugGame|Win64.ActiveCfg = Development|Any CPU
		{7382011F-7E9A-3F8B-8A7A-CB5D717B0314}.DebugGame|Win64.Build.0 = Development|Any CPU
		{7382011F-7E9A-3F8B-8A7A-CB5D717B0314}.Development Editor|Win64.ActiveCfg = Development|Any CPU
		{7382011F-7E9A-3F8B-8A7A-CB5D717B0314}.Development Editor|Win64.Build.0 = Development|Any CPU
		{7382011F-7E9A-3F8B-8A7A-CB5D717B0314}.Development|Win64.ActiveCfg = Development|Any CPU
		{7382011F-7E9A-3F8B-8A7A-CB5D717B0314}.Development|Win64.Build.0 = Development|Any CPU
		{7382011F-7E9A-3F8B-8A7A-CB5D717B0314}.Shipping|Win64.ActiveCfg = Development|Any CPU
		{7382011F-7E9A-3F8B-8A7A-CB5D717B0314}.Shipping|Win64.Build.0 = Development|Any CPU
		{8F1F43A5-286D-388A-BFE6-58BE2EE23E6F}.DebugGame Editor|Win64.ActiveCfg = Development|Any CPU
		{8F1F43A5-286D-388A-BFE6-58BE2EE23E6F}.DebugGame Editor|Win64.Build.0 = Development|Any CPU
		{8F1F43A5-286D-388A-BFE6-58BE2EE23E6F}.DebugGame|Win64.ActiveCfg = Development|Any CPU
		{8F1F43A5-286D-388A-BFE6-58BE2EE23E6F}.DebugGame|Win64.Build.0 = Development|Any CPU
		{8F1F43A5-286D-388A-BFE6-58BE2EE23E6F}.Development Editor|Win64.ActiveCfg = Development|Any CPU
		{8F1F43A5-286D-388A-BFE6-58BE2EE23E6F}.Development Editor|Win64.Build.0 = Development|Any CPU
		{8F1F43A5-286D-388A-BFE6-58BE2EE23E6F}.Development|Win64.ActiveCfg = Development|Any CPU
		{8F1F43A5-286D-388A-BFE6-58BE2EE23E6F}.Development|Win64.Build.0 = Development|Any CPU
		{8F1F43A5-286D-388A-BFE6-58BE2EE23E6F}.Shipping|Win64.ActiveCfg = Development|Any CPU
		{8F1F43A5-286D-388A-BFE6-58BE2EE23E6F}.Shipping|Win64.Build.0 = Development|Any CPU
		{6A0D29F3-B65F-31F6-9F60-D2B4A626EB56}.DebugGame Editor|Win64.ActiveCfg = Development|Any CPU
		{6A0D29F3-B65F-31F6-9F60-D2B4A626EB56}.DebugGame Editor|Win64.Build.0 = Development|Any CPU
		{6A0D29F3-B65F-31F6-9F60-D2B4A626EB56}.DebugGame|Win64.ActiveCfg = Development|Any CPU
		{6A0D29F3-B65F-31F6-9F60-D2B4A626EB56}.DebugGame|Win64.Build.0 = Development|Any CPU
		{6A0D29F3-B65F-31F6-9F60-D2B4A626EB56}.Development Editor|Win64.ActiveCfg = Development|Any CPU
		{6A0D29F3-B65F-31F6-9F60-D2B4A626EB56}.Development Editor|Win64.Build.0 = Development|Any CPU
		{6A0D29F3-B65F-31F6-9F60-D2B4A626EB56}.Development|Win64.ActiveCfg = Development|Any CPU
		{6A0D29F3-B65F-31F6-9F60-D2B4A626EB56}.Development|Win64.Build.0 = Development|Any CPU
		{6A0D29F3-B65F-31F6-9F60-D2B4A626EB56}.Shipping|Win64.ActiveCfg = Development|Any CPU
		{6A0D29F3-B65F-31F6-9F60-D2B4A626EB56}.Shipping|Win64.Build.0 = Development|Any CPU
		{DB46E580-8A7D-39A3-ADA1-EDAD77FA89A8}.DebugGame Editor|Win64.ActiveCfg = Development|Any CPU
		{DB46E580-8A7D-39A3-ADA1-EDAD77FA89A8}.DebugGame Editor|Win64.Build.0 = Development|Any CPU
		{DB46E580-8A7D-39A3-ADA1-EDAD77FA89A8}.DebugGame|Win64.ActiveCfg = Development|Any CPU
		{DB46E580-8A7D-39A3-ADA1-EDAD77FA89A8}.DebugGame|Win64.Build.0 = Development|Any CPU
		{DB46E580-8A7D-39A3-ADA1-EDAD77FA89A8}.Development Editor|Win64.ActiveCfg = Development|Any CPU
		{DB46E580-8A7D-39A3-ADA1-EDAD77FA89A8}.Development Editor|Win64.Build.0 = Development|Any CPU
		{DB46E580-8A7D-39A3-ADA1-EDAD77FA89A8}.Development|Win64.ActiveCfg = Development|Any CPU
		{DB46E580-8A7D-39A3-ADA1-EDAD77FA89A8}.Development|Win64.Build.0 = Development|Any CPU
		{DB46E580-8A7D-39A3-ADA1-EDAD77FA89A8}.Shipping|Win64.ActiveCfg = Development|Any CPU
		{DB46E580-8A7D-39A3-ADA1-EDAD77FA89A8}.Shipping|Win64.Build.0 = Development|Any CPU
		{E285C4B7-C3D1-3F91-BABC-84385257F1CE}.DebugGame Editor|Win64.ActiveCfg = Development|Any CPU
		{E285C4B7-C3D1-3F91-BABC-84385257F1CE}.DebugGame Editor|Win64.Build.0 = Development|Any CPU
		{E285C4B7-C3D1-3F91-BABC-84385257F1CE}.DebugGame|Win64.ActiveCfg = Development|Any CPU
		{E285C4B7-C3D1-3F91-BABC-84385257F1CE}.DebugGame|Win64.Build.0 = Development|Any CPU
		{E285C4B7-C3D1-3F91-BABC-84385257F1CE}.Development Editor|Win64.ActiveCfg = Development|Any CPU
		{E285C4B7-C3D1-3F91-BABC-84385257F1CE}.Development Editor|Win64.Build.0 = Development|Any CPU
		{E285C4B7-C3D1-3F91-BABC-84385257F1CE}.Development|Win64.ActiveCfg = Development|Any CPU
		{E285C4B7-C3D1-3F91-BABC-84385257F1CE}.Development|Win64.Build.0 = Development|Any CPU
		{E285C4B7-C3D1-3F91-BABC-84385257F1CE}.Shipping|Win64.ActiveCfg = Development|Any CPU
		{E285C4B7-C3D1-3F91-BABC-84385257F1CE}.Shipping|Win64.Build.0 = Development|Any CPU
		{9E74B0A1-34D6-33C5-A489-40CE6F8CC923}.DebugGame Editor|Win64.ActiveCfg = Development|Any CPU
		{9E74B0A1-34D6-33C5-A489-40CE6F8CC923}.DebugGame Editor|Win64.Build.0 = Development|Any CPU
		{9E74B0A1-34D6-33C5-A489-40CE6F8CC923}.DebugGame|Win64.ActiveCfg = Development|Any CPU
		{9E74B0A1-34D6-33C5-A489-40CE6F8CC923}.DebugGame|Win64.Build.0 = Development|Any CPU
		{9E74B0A1-34D6-33C5-A489-40CE6F8CC923}.Development Editor|Win64.ActiveCfg = Development|Any CPU
		{9E74B0A1-34D6-33C5-A489-40CE6F8CC923}.Development Editor|Win64.Build.0 = Development|Any CPU
		{9E74B0A1-34D6-33C5-A489-40CE6F8CC923}.Development|Win64.ActiveCfg = Development|Any CPU
		{9E74B0A1-34D6-33C5-A489-40CE6F8CC923}.Development|Win64.Build.0 = Development|Any CPU
		{9E74B0A1-34D6-33C5-A489-40CE6F8CC923}.Shipping|Win64.ActiveCfg = Development|Any CPU
		{9E74B0A1-34D6-33C5-A489-40CE6F8CC923}.Shipping|Win64.Build.0 = Development|Any CPU
		{C43564A4-77FE-3383-B587-6F4B2A40ABF0}.DebugGame Editor|Win64.ActiveCfg = Development|Any CPU
		{C43564A4-77FE-3383-B587-6F4B2A40ABF0}.DebugGame Editor|Win64.Build.0 = Development|Any CPU
		{C43564A4-77FE-3383-B587-6F4B2A40ABF0}.DebugGame|Win64.ActiveCfg = Development|Any CPU
		{C43564A4-77FE-3383-B587-6F4B2A40ABF0}.DebugGame|Win64.Build.0 = Development|Any CPU
		{C43564A4-77FE-3383-B587-6F4B2A40ABF0}.Development Editor|Win64.ActiveCfg = Development|Any CPU
		{C43564A4-77FE-3383-B587-6F4B2A40ABF0}.Development Editor|Win64.Build.0 = Development|Any CPU
		{C43564A4-77FE-3383-B587-6F4B2A40ABF0}.Development|Win64.ActiveCfg = Development|Any CPU
		{C43564A4-77FE-3383-B587-6F4B2A40ABF0}.Development|Win64.Build.0 = Development|Any CPU
		{C43564A4-77FE-3383-B587-6F4B2A40ABF0}.Shipping|Win64.ActiveCfg = Development|Any CPU
		{C43564A4-77FE-3383-B587-6F4B2A40ABF0}.Shipping|Win64.Build.0 = Development|Any CPU
		{C3488ED1-474D-36C4-A298-C157F5DD5DC6}.DebugGame Editor|Win64.ActiveCfg = Development|Any CPU
		{C3488ED1-474D-36C4-A298-C157F5DD5DC6}.DebugGame Editor|Win64.Build.0 = Development|Any CPU
		{C3488ED1-474D-36C4-A298-C157F5DD5DC6}.DebugGame|Win64.ActiveCfg = Development|Any CPU
		{C3488ED1-474D-36C4-A298-C157F5DD5DC6}.DebugGame|Win64.Build.0 = Development|Any CPU
		{C3488ED1-474D-36C4-A298-C157F5DD5DC6}.Development Editor|Win64.ActiveCfg = Development|Any CPU
		{C3488ED1-474D-36C4-A298-C157F5DD5DC6}.Development Editor|Win64.Build.0 = Development|Any CPU
		{C3488ED1-474D-36C4-A298-C157F5DD5DC6}.Development|Win64.ActiveCfg = Development|Any CPU
		{C3488ED1-474D-36C4-A298-C157F5DD5DC6}.Development|Win64.Build.0 = Development|Any CPU
		{C3488ED1-474D-36C4-A298-C157F5DD5DC6}.Shipping|Win64.ActiveCfg = Development|Any CPU
		{C3488ED1-474D-36C4-A298-C157F5DD5DC6}.Shipping|Win64.Build.0 = Development|Any CPU
		{528A480F-6BA7-3884-8D45-4D43C788A9B0}.DebugGame Editor|Win64.ActiveCfg = Development|Any CPU
		{528A480F-6BA7-3884-8D45-4D43C788A9B0}.DebugGame Editor|Win64.Build.0 = Development|Any CPU
		{528A480F-6BA7-3884-8D45-4D43C788A9B0}.DebugGame|Win64.ActiveCfg = Development|Any CPU
		{528A480F-6BA7-3884-8D45-4D43C788A9B0}.DebugGame|Win64.Build.0 = Development|Any CPU
		{528A480F-6BA7-3884-8D45-4D43C788A9B0}.Development Editor|Win64.ActiveCfg = Development|Any CPU
		{528A480F-6BA7-3884-8D45-4D43C788A9B0}.Development Editor|Win64.Build.0 = Development|Any CPU
		{528A480F-6BA7-3884-8D45-4D43C788A9B0}.Development|Win64.ActiveCfg = Development|Any CPU
		{528A480F-6BA7-3884-8D45-4D43C788A9B0}.Development|Win64.Build.0 = Development|Any CPU
		{528A480F-6BA7-3884-8D45-4D43C788A9B0}.Shipping|Win64.ActiveCfg = Development|Any CPU
		{528A480F-6BA7-3884-8D45-4D43C788A9B0}.Shipping|Win64.Build.0 = Development|Any CPU
		{216FD18B-C44F-3562-A322-097C08A91348}.DebugGame Editor|Win64.ActiveCfg = Development|Any CPU
		{216FD18B-C44F-3562-A322-097C08A91348}.DebugGame Editor|Win64.Build.0 = Development|Any CPU
		{216FD18B-C44F-3562-A322-097C08A91348}.DebugGame|Win64.ActiveCfg = Development|Any CPU
		{216FD18B-C44F-3562-A322-097C08A91348}.DebugGame|Win64.Build.0 = Development|Any CPU
		{216FD18B-C44F-3562-A322-097C08A91348}.Development Editor|Win64.ActiveCfg = Development|Any CPU
		{216FD18B-C44F-3562-A322-097C08A91348}.Development Editor|Win64.Build.0 = Development|Any CPU
		{216FD18B-C44F-3562-A322-097C08A91348}.Development|Win64.ActiveCfg = Development|Any CPU
		{216FD18B-C44F-3562-A322-097C08A91348}.Development|Win64.Build.0 = Development|Any CPU
		{216FD18B-C44F-3562-A322-097C08A91348}.Shipping|Win64.ActiveCfg = Development|Any CPU
		{216FD18B-C44F-3562-A322-097C08A91348}.Shipping|Win64.Build.0 = Development|Any CPU
		{4EA76CEB-E470-36A5-AE00-E980832F8B81}.DebugGame Editor|Win64.ActiveCfg = Development|Any CPU
		{4EA76CEB-E470-36A5-AE00-E980832F8B81}.DebugGame Editor|Win64.Build.0 = Development|Any CPU
		{4EA76CEB-E470-36A5-AE00-E980832F8B81}.DebugGame|Win64.ActiveCfg = Development|Any CPU
		{4EA76CEB-E470-36A5-AE00-E980832F8B81}.DebugGame|Win64.Build.0 = Development|Any CPU
		{4EA76CEB-E470-36A5-AE00-E980832F8B81}.Development Editor|Win64.ActiveCfg = Development|Any CPU
		{4EA76CEB-E470-36A5-AE00-E980832F8B81}.Development Editor|Win64.Build.0 = Development|Any CPU
		{4EA76CEB-E470-36A5-AE00-E980832F8B81}.Development|Win64.ActiveCfg = Development|Any CPU
		{4EA76CEB-E470-36A5-AE00-E980832F8B81}.Development|Win64.Build.0 = Development|Any CPU
		{4EA76CEB-E470-36A5-AE00-E980832F8B81}.Shipping|Win64.ActiveCfg = Development|Any CPU
		{4EA76CEB-E470-36A5-AE00-E980832F8B81}.Shipping|Win64.Build.0 = Development|Any CPU
		{CDD319D7-56FA-3489-891D-6171A175E0C8}.DebugGame Editor|Win64.ActiveCfg = Development|Any CPU
		{CDD319D7-56FA-3489-891D-6171A175E0C8}.DebugGame Editor|Win64.Build.0 = Development|Any CPU
		{CDD319D7-56FA-3489-891D-6171A175E0C8}.DebugGame|Win64.ActiveCfg = Development|Any CPU
		{CDD319D7-56FA-3489-891D-6171A175E0C8}.DebugGame|Win64.Build.0 = Development|Any CPU
		{CDD319D7-56FA-3489-891D-6171A175E0C8}.Development Editor|Win64.ActiveCfg = Development|Any CPU
		{CDD319D7-56FA-3489-891D-6171A175E0C8}.Development Editor|Win64.Build.0 = Development|Any CPU
		{CDD319D7-56FA-3489-891D-6171A175E0C8}.Development|Win64.ActiveCfg = Development|Any CPU
		{CDD319D7-56FA-3489-891D-6171A175E0C8}.Development|Win64.Build.0 = Development|Any CPU
		{CDD319D7-56FA-3489-891D-6171A175E0C8}.Shipping|Win64.ActiveCfg = Development|Any CPU
		{CDD319D7-56FA-3489-891D-6171A175E0C8}.Shipping|Win64.Build.0 = Development|Any CPU
		{33E5958A-4EE9-3C47-B930-9262FB770AE9}.DebugGame Editor|Win64.ActiveCfg = Development|Any CPU
		{33E5958A-4EE9-3C47-B930-9262FB770AE9}.DebugGame Editor|Win64.Build.0 = Development|Any CPU
		{33E5958A-4EE9-3C47-B930-9262FB770AE9}.DebugGame|Win64.ActiveCfg = Development|Any CPU
		{33E5958A-4EE9-3C47-B930-9262FB770AE9}.DebugGame|Win64.Build.0 = Development|Any CPU
		{33E5958A-4EE9-3C47-B930-9262FB770AE9}.Development Editor|Win64.ActiveCfg = Development|Any CPU
		{33E5958A-4EE9-3C47-B930-9262FB770AE9}.Development Editor|Win64.Build.0 = Development|Any CPU
		{33E5958A-4EE9-3C47-B930-9262FB770AE9}.Development|Win64.ActiveCfg = Development|Any CPU
		{33E5958A-4EE9-3C47-B930-9262FB770AE9}.Development|Win64.Build.0 = Development|Any CPU
		{33E5958A-4EE9-3C47-B930-9262FB770AE9}.Shipping|Win64.ActiveCfg = Development|Any CPU
		{33E5958A-4EE9-3C47-B930-9262FB770AE9}.Shipping|Win64.Build.0 = Development|Any CPU
		{0698E274-9546-35D7-82AC-07B5188FB773}.DebugGame Editor|Win64.ActiveCfg = Development|Any CPU
		{0698E274-9546-35D7-82AC-07B5188FB773}.DebugGame Editor|Win64.Build.0 = Development|Any CPU
		{0698E274-9546-35D7-82AC-07B5188FB773}.DebugGame|Win64.ActiveCfg = Development|Any CPU
		{0698E274-9546-35D7-82AC-07B5188FB773}.DebugGame|Win64.Build.0 = Development|Any CPU
		{0698E274-9546-35D7-82AC-07B5188FB773}.Development Editor|Win64.ActiveCfg = Development|Any CPU
		{0698E274-9546-35D7-82AC-07B5188FB773}.Development Editor|Win64.Build.0 = Development|Any CPU
		{0698E274-9546-35D7-82AC-07B5188FB773}.Development|Win64.ActiveCfg = Development|Any CPU
		{0698E274-9546-35D7-82AC-07B5188FB773}.Development|Win64.Build.0 = Development|Any CPU
		{0698E274-9546-35D7-82AC-07B5188FB773}.Shipping|Win64.ActiveCfg = Development|Any CPU
		{0698E274-9546-35D7-82AC-07B5188FB773}.Shipping|Win64.Build.0 = Development|Any CPU
		{29A9E2D6-CF49-30C2-BF90-0148B5461B41}.DebugGame Editor|Win64.ActiveCfg = Development|Any CPU
		{29A9E2D6-CF49-30C2-BF90-0148B5461B41}.DebugGame Editor|Win64.Build.0 = Development|Any CPU
		{29A9E2D6-CF49-30C2-BF90-0148B5461B41}.DebugGame|Win64.ActiveCfg = Development|Any CPU
		{29A9E2D6-CF49-30C2-BF90-0148B5461B41}.DebugGame|Win64.Build.0 = Development|Any CPU
		{29A9E2D6-CF49-30C2-BF90-0148B5461B41}.Development Editor|Win64.ActiveCfg = Development|Any CPU
		{29A9E2D6-CF49-30C2-BF90-0148B5461B41}.Development Editor|Win64.Build.0 = Development|Any CPU
		{29A9E2D6-CF49-30C2-BF90-0148B5461B41}.Development|Win64.ActiveCfg = Development|Any CPU
		{29A9E2D6-CF49-30C2-BF90-0148B5461B41}.Development|Win64.Build.0 = Development|Any CPU
		{29A9E2D6-CF49-30C2-BF90-0148B5461B41}.Shipping|Win64.ActiveCfg = Development|Any CPU
		{29A9E2D6-CF49-30C2-BF90-0148B5461B41}.Shipping|Win64.Build.0 = Development|Any CPU
		{2B682762-BF5D-3C32-92A2-DC735B4D7A40}.DebugGame Editor|Win64.ActiveCfg = Development|Any CPU
		{2B682762-BF5D-3C32-92A2-DC735B4D7A40}.DebugGame Editor|Win64.Build.0 = Development|Any CPU
		{2B682762-BF5D-3C32-92A2-DC735B4D7A40}.DebugGame|Win64.ActiveCfg = Development|Any CPU
		{2B682762-BF5D-3C32-92A2-DC735B4D7A40}.DebugGame|Win64.Build.0 = Development|Any CPU
		{2B682762-BF5D-3C32-92A2-DC735B4D7A40}.Development Editor|Win64.ActiveCfg = Development|Any CPU
		{2B682762-BF5D-3C32-92A2-DC735B4D7A40}.Development Editor|Win64.Build.0 = Development|Any CPU
		{2B682762-BF5D-3C32-92A2-DC735B4D7A40}.Development|Win64.ActiveCfg = Development|Any CPU
		{2B682762-BF5D-3C32-92A2-DC735B4D7A40}.Development|Win64.Build.0 = Development|Any CPU
		{2B682762-BF5D-3C32-92A2-DC735B4D7A40}.Shipping|Win64.ActiveCfg = Development|Any CPU
		{2B682762-BF5D-3C32-92A2-DC735B4D7A40}.Shipping|Win64.Build.0 = Development|Any CPU
		{1AB5DEFC-52EF-3548-8B4F-FA4F09E2C123}.DebugGame Editor|Win64.ActiveCfg = Development|Any CPU
		{1AB5DEFC-52EF-3548-8B4F-FA4F09E2C123}.DebugGame Editor|Win64.Build.0 = Development|Any CPU
		{1AB5DEFC-52EF-3548-8B4F-FA4F09E2C123}.DebugGame|Win64.ActiveCfg = Development|Any CPU
		{1AB5DEFC-52EF-3548-8B4F-FA4F09E2C123}.DebugGame|Win64.Build.0 = Development|Any CPU
		{1AB5DEFC-52EF-3548-8B4F-FA4F09E2C123}.Development Editor|Win64.ActiveCfg = Development|Any CPU
		{1AB5DEFC-52EF-3548-8B4F-FA4F09E2C123}.Development Editor|Win64.Build.0 = Development|Any CPU
		{1AB5DEFC-52EF-3548-8B4F-FA4F09E2C123}.Development|Win64.ActiveCfg = Development|Any CPU
		{1AB5DEFC-52EF-3548-8B4F-FA4F09E2C123}.Development|Win64.Build.0 = Development|Any CPU
		{1AB5DEFC-52EF-3548-8B4F-FA4F09E2C123}.Shipping|Win64.ActiveCfg = Development|Any CPU
		{1AB5DEFC-52EF-3548-8B4F-FA4F09E2C123}.Shipping|Win64.Build.0 = Development|Any CPU
		{7E9044C5-86AF-3E5D-9607-B8181B6C52F0}.DebugGame Editor|Win64.ActiveCfg = Development|Any CPU
		{7E9044C5-86AF-3E5D-9607-B8181B6C52F0}.DebugGame Editor|Win64.Build.0 = Development|Any CPU
		{7E9044C5-86AF-3E5D-9607-B8181B6C52F0}.DebugGame|Win64.ActiveCfg = Development|Any CPU
		{7E9044C5-86AF-3E5D-9607-B8181B6C52F0}.DebugGame|Win64.Build.0 = Development|Any CPU
		{7E9044C5-86AF-3E5D-9607-B8181B6C52F0}.Development Editor|Win64.ActiveCfg = Development|Any CPU
		{7E9044C5-86AF-3E5D-9607-B8181B6C52F0}.Development Editor|Win64.Build.0 = Development|Any CPU
		{7E9044C5-86AF-3E5D-9607-B8181B6C52F0}.Development|Win64.ActiveCfg = Development|Any CPU
		{7E9044C5-86AF-3E5D-9607-B8181B6C52F0}.Development|Win64.Build.0 = Development|Any CPU
		{7E9044C5-86AF-3E5D-9607-B8181B6C52F0}.Shipping|Win64.ActiveCfg = Development|Any CPU
		{7E9044C5-86AF-3E5D-9607-B8181B6C52F0}.Shipping|Win64.Build.0 = Development|Any CPU
		{AFF6C15F-E15A-3392-AF0C-FBBDB2C0A1C4}.DebugGame Editor|Win64.ActiveCfg = Development|Any CPU
		{AFF6C15F-E15A-3392-AF0C-FBBDB2C0A1C4}.DebugGame Editor|Win64.Build.0 = Development|Any CPU
		{AFF6C15F-E15A-3392-AF0C-FBBDB2C0A1C4}.DebugGame|Win64.ActiveCfg = Development|Any CPU
		{AFF6C15F-E15A-3392-AF0C-FBBDB2C0A1C4}.DebugGame|Win64.Build.0 = Development|Any CPU
		{AFF6C15F-E15A-3392-AF0C-FBBDB2C0A1C4}.Development Editor|Win64.ActiveCfg = Development|Any CPU
		{AFF6C15F-E15A-3392-AF0C-FBBDB2C0A1C4}.Development Editor|Win64.Build.0 = Development|Any CPU
		{AFF6C15F-E15A-3392-AF0C-FBBDB2C0A1C4}.Development|Win64.ActiveCfg = Development|Any CPU
		{AFF6C15F-E15A-3392-AF0C-FBBDB2C0A1C4}.Development|Win64.Build.0 = Development|Any CPU
		{AFF6C15F-E15A-3392-AF0C-FBBDB2C0A1C4}.Shipping|Win64.ActiveCfg = Development|Any CPU
		{AFF6C15F-E15A-3392-AF0C-FBBDB2C0A1C4}.Shipping|Win64.Build.0 = Development|Any CPU
		{24F85781-0699-37BD-9770-DE996027104B}.DebugGame Editor|Win64.ActiveCfg = Development|Any CPU
		{24F85781-0699-37BD-9770-DE996027104B}.DebugGame Editor|Win64.Build.0 = Development|Any CPU
		{24F85781-0699-37BD-9770-DE996027104B}.DebugGame|Win64.ActiveCfg = Development|Any CPU
		{24F85781-0699-37BD-9770-DE996027104B}.DebugGame|Win64.Build.0 = Development|Any CPU
		{24F85781-0699-37BD-9770-DE996027104B}.Development Editor|Win64.ActiveCfg = Development|Any CPU
		{24F85781-0699-37BD-9770-DE996027104B}.Development Editor|Win64.Build.0 = Development|Any CPU
		{24F85781-0699-37BD-9770-DE996027104B}.Development|Win64.ActiveCfg = Development|Any CPU
		{24F85781-0699-37BD-9770-DE996027104B}.Development|Win64.Build.0 = Development|Any CPU
		{24F85781-0699-37BD-9770-DE996027104B}.Shipping|Win64.ActiveCfg = Development|Any CPU
		{24F85781-0699-37BD-9770-DE996027104B}.Shipping|Win64.Build.0 = Development|Any CPU
		{489729E8-68D7-333D-B972-6F6F1CB8D292}.DebugGame Editor|Win64.ActiveCfg = Development|Any CPU
		{489729E8-68D7-333D-B972-6F6F1CB8D292}.DebugGame Editor|Win64.Build.0 = Development|Any CPU
		{489729E8-68D7-333D-B972-6F6F1CB8D292}.DebugGame|Win64.ActiveCfg = Development|Any CPU
		{489729E8-68D7-333D-B972-6F6F1CB8D292}.DebugGame|Win64.Build.0 = Development|Any CPU
		{489729E8-68D7-333D-B972-6F6F1CB8D292}.Development Editor|Win64.ActiveCfg = Development|Any CPU
		{489729E8-68D7-333D-B972-6F6F1CB8D292}.Development Editor|Win64.Build.0 = Development|Any CPU
		{489729E8-68D7-333D-B972-6F6F1CB8D292}.Development|Win64.ActiveCfg = Development|Any CPU
		{489729E8-68D7-333D-B972-6F6F1CB8D292}.Development|Win64.Build.0 = Development|Any CPU
		{489729E8-68D7-333D-B972-6F6F1CB8D292}.Shipping|Win64.ActiveCfg = Development|Any CPU
		{489729E8-68D7-333D-B972-6F6F1CB8D292}.Shipping|Win64.Build.0 = Development|Any CPU
		{E84227C3-B4DB-30AE-ABE8-08A762358996}.DebugGame Editor|Win64.ActiveCfg = Development|Any CPU
		{E84227C3-B4DB-30AE-ABE8-08A762358996}.DebugGame Editor|Win64.Build.0 = Development|Any CPU
		{E84227C3-B4DB-30AE-ABE8-08A762358996}.DebugGame|Win64.ActiveCfg = Development|Any CPU
		{E84227C3-B4DB-30AE-ABE8-08A762358996}.DebugGame|Win64.Build.0 = Development|Any CPU
		{E84227C3-B4DB-30AE-ABE8-08A762358996}.Development Editor|Win64.ActiveCfg = Development|Any CPU
		{E84227C3-B4DB-30AE-ABE8-08A762358996}.Development Editor|Win64.Build.0 = Development|Any CPU
		{E84227C3-B4DB-30AE-ABE8-08A762358996}.Development|Win64.ActiveCfg = Development|Any CPU
		{E84227C3-B4DB-30AE-ABE8-08A762358996}.Development|Win64.Build.0 = Development|Any CPU
		{E84227C3-B4DB-30AE-ABE8-08A762358996}.Shipping|Win64.ActiveCfg = Development|Any CPU
		{E84227C3-B4DB-30AE-ABE8-08A762358996}.Shipping|Win64.Build.0 = Development|Any CPU
	EndGlobalSection
	GlobalSection(SolutionProperties) = preSolution
		HideSolutionNode = FALSE
	EndGlobalSection
	GlobalSection(NestedProjects) = preSolution
		{AB22C1DD-27D8-366E-B9F4-89F08701788E} = {233774A8-CC9D-3FA9-86D1-90573E92B704}
		{9E287688-FFD4-3458-9FD5-EADA640B93A7} = {DE1F8B53-6C02-3C13-9101-A7C8D96F3FF6}
		{1D533084-D69D-3474-B17B-0D6A1B334179} = {A338B9E2-A559-34BE-A46D-F789DD488FAD}
		{A454825F-BD9A-3561-A707-E58C297986D7} = {A338B9E2-A559-34BE-A46D-F789DD488FAD}
		{0BFBE63A-B98A-3411-8EEB-8918FEC737B3} = {A338B9E2-A559-34BE-A46D-F789DD488FAD}
		{7B5CFB44-F0FB-31DF-AE62-C3C096A29A7B} = {A338B9E2-A559-34BE-A46D-F789DD488FAD}
		{57713676-9DBE-331C-AD10-26632AC9EE0C} = {A338B9E2-A559-34BE-A46D-F789DD488FAD}
		{70A03A19-890B-31B7-9DAE-C67E966197BE} = {0BFBE63A-B98A-3411-8EEB-8918FEC737B3}
		{549DCB12-C42B-3B2B-BAAC-6B161DCBA3C1} = {0BFBE63A-B98A-3411-8EEB-8918FEC737B3}
		{B58F4985-32C2-3541-B2BD-7905BECE2B2D} = {0BFBE63A-B98A-3411-8EEB-8918FEC737B3}
		{0CA10B0E-60FA-3F0D-801C-7D9B7874EE46} = {0BFBE63A-B98A-3411-8EEB-8918FEC737B3}
		{62B34A99-82A4-32C2-A122-0A8736893D0C} = {0BFBE63A-B98A-3411-8EEB-8918FEC737B3}
		{771D4600-E26A-38BF-AD56-51D20914C54D} = {0BFBE63A-B98A-3411-8EEB-8918FEC737B3}
		{3C75A1A1-8F0D-3997-B4DC-51642D24E70D} = {0BFBE63A-B98A-3411-8EEB-8918FEC737B3}
		{5C7B31A2-166A-307F-8419-2006A60B2304} = {0BFBE63A-B98A-3411-8EEB-8918FEC737B3}
		{DF156BD8-8BE4-3064-ACE8-DCF2E78569C9} = {0BFBE63A-B98A-3411-8EEB-8918FEC737B3}
		{BDDCF022-C7AA-3051-9835-58463A43B3BE} = {0BFBE63A-B98A-3411-8EEB-8918FEC737B3}
		{28825FE2-3B96-3C8C-AEBE-2EFF10E0D5AE} = {0BFBE63A-B98A-3411-8EEB-8918FEC737B3}
		{5210602A-35FD-33D9-BAF3-AC67C8DEFE98} = {0BFBE63A-B98A-3411-8EEB-8918FEC737B3}
		{D8FC2443-D01A-3DC5-8DFA-946F355CD866} = {0BFBE63A-B98A-3411-8EEB-8918FEC737B3}
		{9E5B428F-5E4E-31C3-9733-094BC9DCF653} = {0BFBE63A-B98A-3411-8EEB-8918FEC737B3}
		{CA06F398-0953-3C9F-B446-25A71001B81A} = {0BFBE63A-B98A-3411-8EEB-8918FEC737B3}
		{E5785545-71A7-3824-ABFE-CCD353FC1EF6} = {0BFBE63A-B98A-3411-8EEB-8918FEC737B3}
		{FAD13640-8862-34A6-B406-6279CAE9425C} = {0BFBE63A-B98A-3411-8EEB-8918FEC737B3}
		{9B510621-6781-3E17-BD80-7EA6014D021F} = {0BFBE63A-B98A-3411-8EEB-8918FEC737B3}
		{FBA3EFBD-145A-34DF-9A4D-595B39C2E1FC} = {0BFBE63A-B98A-3411-8EEB-8918FEC737B3}
		{DE34FF33-E663-3127-92E3-D186B81BF750} = {0BFBE63A-B98A-3411-8EEB-8918FEC737B3}
		{E21209B1-039E-3E3E-839D-8F660A06D22A} = {7B5CFB44-F0FB-31DF-AE62-C3C096A29A7B}
		{1CD57B1A-9983-3365-8911-7A55502066F7} = {57713676-9DBE-331C-AD10-26632AC9EE0C}
		{7382011F-7E9A-3F8B-8A7A-CB5D717B0314} = {57713676-9DBE-331C-AD10-26632AC9EE0C}
		{8F1F43A5-286D-388A-BFE6-58BE2EE23E6F} = {57713676-9DBE-331C-AD10-26632AC9EE0C}
		{6A0D29F3-B65F-31F6-9F60-D2B4A626EB56} = {57713676-9DBE-331C-AD10-26632AC9EE0C}
		{DB46E580-8A7D-39A3-ADA1-EDAD77FA89A8} = {57713676-9DBE-331C-AD10-26632AC9EE0C}
		{E285C4B7-C3D1-3F91-BABC-84385257F1CE} = {57713676-9DBE-331C-AD10-26632AC9EE0C}
		{9E74B0A1-34D6-33C5-A489-40CE6F8CC923} = {57713676-9DBE-331C-AD10-26632AC9EE0C}
		{C43564A4-77FE-3383-B587-6F4B2A40ABF0} = {57713676-9DBE-331C-AD10-26632AC9EE0C}
		{C3488ED1-474D-36C4-A298-C157F5DD5DC6} = {57713676-9DBE-331C-AD10-26632AC9EE0C}
		{528A480F-6BA7-3884-8D45-4D43C788A9B0} = {57713676-9DBE-331C-AD10-26632AC9EE0C}
		{216FD18B-C44F-3562-A322-097C08A91348} = {57713676-9DBE-331C-AD10-26632AC9EE0C}
		{4EA76CEB-E470-36A5-AE00-E980832F8B81} = {57713676-9DBE-331C-AD10-26632AC9EE0C}
		{CDD319D7-56FA-3489-891D-6171A175E0C8} = {57713676-9DBE-331C-AD10-26632AC9EE0C}
		{33E5958A-4EE9-3C47-B930-9262FB770AE9} = {57713676-9DBE-331C-AD10-26632AC9EE0C}
		{0698E274-9546-35D7-82AC-07B5188FB773} = {57713676-9DBE-331C-AD10-26632AC9EE0C}
		{29A9E2D6-CF49-30C2-BF90-0148B5461B41} = {57713676-9DBE-331C-AD10-26632AC9EE0C}
		{2B682762-BF5D-3C32-92A2-DC735B4D7A40} = {57713676-9DBE-331C-AD10-26632AC9EE0C}
		{1AB5DEFC-52EF-3548-8B4F-FA4F09E2C123} = {57713676-9DBE-331C-AD10-26632AC9EE0C}
		{7E9044C5-86AF-3E5D-9607-B8181B6C52F0} = {57713676-9DBE-331C-AD10-26632AC9EE0C}
		{AFF6C15F-E15A-3392-AF0C-FBBDB2C0A1C4} = {57713676-9DBE-331C-AD10-26632AC9EE0C}
		{24F85781-0699-37BD-9770-DE996027104B} = {C2F57ECE-B26F-39D8-BDA7-C1D40BD8F180}
		{489729E8-68D7-333D-B972-6F6F1CB8D292} = {C2F57ECE-B26F-39D8-BDA7-C1D40BD8F180}
		{E84227C3-B4DB-30AE-ABE8-08A762358996} = {C2F57ECE-B26F-39D8-BDA7-C1D40BD8F180}
	EndGlobalSection
EndGlobal
